# This file is automatically @generated by Poetry 2.1.3 and should not be changed by hand.

[[package]]
name = "click"
version = "8.3.0"
description = "Composable command line interface toolkit"
optional = false
python-versions = ">=3.10"
groups = ["main"]
files = [
    {file = "click-8.3.0-py3-none-any.whl", hash = "sha256:9b9f285302c6e3064f4330c05f05b81945b2a39544279343e6e7c5f27a9baddc"},
    {file = "click-8.3.0.tar.gz", hash = "sha256:e7b8232224eba16f4ebe410c25ced9f7875cb5f3263ffc93cc3e8da705e229c4"},
]

[package.dependencies]
colorama = {version = "*", markers = "platform_system == \"Windows\""}

[[package]]
name = "colorama"
version = "0.4.6"
description = "Cross-platform colored terminal text."
optional = false
python-versions = "!=3.0.*,!=3.1.*,!=3.2.*,!=3.3.*,!=3.4.*,!=3.5.*,!=3.6.*,>=2.7"
groups = ["main"]
markers = "platform_system == \"Windows\""
files = [
    {file = "colorama-0.4.6-py2.py3-none-any.whl", hash = "sha256:4f1d9991f5acc0ca119f9d443620b77f9d6b33703e51011c16baf57afb285fc6"},
    {file = "colorama-0.4.6.tar.gz", hash = "sha256:08695f5cb7ed6e0531a20572697297273c47b8cae5a63ffc6d6ed5c201be6e44"},
]

[[package]]
name = "markdown-it-py"
version = "4.0.0"
description = "Python port of markdown-it. Markdown parsing, done right!"
optional = false
python-versions = ">=3.10"
groups = ["main"]
files = [
    {file = "markdown_it_py-4.0.0-py3-none-any.whl", hash = "sha256:87327c59b172c5011896038353a81343b6754500a08cd7a4973bb48c6d578147"},
    {file = "markdown_it_py-4.0.0.tar.gz", hash = "sha256:cb0a2b4aa34f932c007117b194e945bd74e0ec24133ceb5bac59009cda1cb9f3"},
]

[package.dependencies]
mdurl = ">=0.1,<1.0"

[package.extras]
benchmarking = ["psutil", "pytest", "pytest-benchmark"]
compare = ["commonmark (>=0.9,<1.0)", "markdown (>=3.4,<4.0)", "markdown-it-pyrs", "mistletoe (>=1.0,<2.0)", "mistune (>=3.0,<4.0)", "panflute (>=2.3,<3.0)"]
linkify = ["linkify-it-py (>=1,<3)"]
plugins = ["mdit-py-plugins (>=0.5.0)"]
profiling = ["gprof2dot"]
rtd = ["ipykernel", "jupyter_sphinx", "mdit-py-plugins (>=0.5.0)", "myst-parser", "pyyaml", "sphinx", "sphinx-book-theme (>=1.0,<2.0)", "sphinx-copybutton", "sphinx-design"]
testing = ["coverage", "pytest", "pytest-cov", "pytest-regressions", "requests"]

[[package]]
name = "mdurl"
version = "0.1.2"
description = "Markdown URL utilities"
optional = false
python-versions = ">=3.7"
groups = ["main"]
files = [
    {file = "mdurl-0.1.2-py3-none-any.whl", hash = "sha256:84008a41e51615a49fc9966191ff91509e3c40b939176e643fd50a5c2196b8f8"},
    {file = "mdurl-0.1.2.tar.gz", hash = "sha256:bb413d29f5eea38f31dd4754dd7377d4465116fb207585f97bf925588687c1ba"},
]

[[package]]
name = "p4python"
version = "2025.1.2767466"
description = "P4Python - Python interface to Perforce API"
optional = false
python-versions = "*"
groups = ["main"]
files = [
    {file = "p4python-2025.1.2767466-cp310-cp310-macosx_10_15_x86_64.whl", hash = "sha256:6e384d4eefbf4117eeeadbb645b368c812a65fde947609785fcda9067ee8c5af"},
    {file = "p4python-2025.1.2767466-cp310-cp310-macosx_11_0_arm64.whl", hash = "sha256:bd42e0e42c1d468c438f1a76ed5a4af947d0d73953beb9dd3e742d2e737a1917"},
    {file = "p4python-2025.1.2767466-cp310-cp310-manylinux_2_28_aarch64.whl", hash = "sha256:86f33db727676bb2d6d2d891879122222c6a5394db25c2fec339a45358dbf1e9"},
    {file = "p4python-2025.1.2767466-cp310-cp310-manylinux_2_28_x86_64.whl", hash = "sha256:e36e012505fa0b9f38e4d85c637e47320de629e4e46f792bbf642b36925e8cb4"},
    {file = "p4python-2025.1.2767466-cp310-cp310-win32.whl", hash = "sha256:670052dd937be654e1b4d7310bbea70b5ef6df083da23a0f4fff7362231adbae"},
    {file = "p4python-2025.1.2767466-cp310-cp310-win_amd64.whl", hash = "sha256:a46060fad7ffd9b15aee5b27d68863c9c3ce0c995cba6404a613709db91ad791"},
    {file = "p4python-2025.1.2767466-cp311-cp311-macosx_10_15_x86_64.whl", hash = "sha256:6564ac6a351082607bd977cf3b0c6621709414d95f795e635bcdc639f5368812"},
    {file = "p4python-2025.1.2767466-cp311-cp311-macosx_11_0_arm64.whl", hash = "sha256:0173733a99ac844c15a8802bc5e2d7a8e82728ccd83255b714f8b8a819907796"},
    {file = "p4python-2025.1.2767466-cp311-cp311-manylinux_2_28_aarch64.whl", hash = "sha256:043f6bda1879ddbb6ee3f0a8b4f1543554e4490d9f2dde2aeafd2ddbd0481f71"},
    {file = "p4python-2025.1.2767466-cp311-cp311-manylinux_2_28_x86_64.whl", hash = "sha256:33b2727a6a816e8239f146f4ecc6eac24fa283e0354c336a98c7c89a1a01b5c8"},
    {file = "p4python-2025.1.2767466-cp311-cp311-win32.whl", hash = "sha256:137a5cb8bf60b70b532a5723ec172fbca61412a605ab170def6b79e0fdcc6bde"},
    {file = "p4python-2025.1.2767466-cp311-cp311-win_amd64.whl", hash = "sha256:abe786f98798a93890ad4e15477d77d8b5dd4a799d3f80f301c39bb00fd7c860"},
    {file = "p4python-2025.1.2767466-cp312-cp312-macosx_10_15_x86_64.whl", hash = "sha256:e143760643ffc31d97acd5b8ba3d2fed5c75218349928d5871d45840ecfafebe"},
    {file = "p4python-2025.1.2767466-cp312-cp312-macosx_11_0_arm64.whl", hash = "sha256:42edb2a0e323124b282cdeb02cc1dd228d93131a69c9adbbc4b63c7d7cc90984"},
    {file = "p4python-2025.1.2767466-cp312-cp312-manylinux_2_28_aarch64.whl", hash = "sha256:710941567e986b15b10d4104e2e1f61d1cdb769580fec5aabce84137865e3445"},
    {file = "p4python-2025.1.2767466-cp312-cp312-manylinux_2_28_x86_64.whl", hash = "sha256:438bde3ebae33cebb40433dce2553f350ca3a1ed3a1f417275c07e2464cb17bb"},
    {file = "p4python-2025.1.2767466-cp312-cp312-win32.whl", hash = "sha256:456cfe37ecc7a24b46d242b3a28c47e74432dd9fd50983e7c4058fe8e8479a72"},
    {file = "p4python-2025.1.2767466-cp312-cp312-win_amd64.whl", hash = "sha256:72aa426d5e97e4f7199f3814e6530970585c8e1fde06f00e890ea33901489244"},
    {file = "p4python-2025.1.2767466-cp313-cp313-macosx_10_15_x86_64.whl", hash = "sha256:0b73fc03862e4dbda25f4d4c29b748239b58771da0860f27556d8e1d0f942f49"},
    {file = "p4python-2025.1.2767466-cp313-cp313-macosx_11_0_arm64.whl", hash = "sha256:f4ffa3f8a586c6a230b98abfb614cef3066484e7dc80581dfaff6b408329d29a"},
    {file = "p4python-2025.1.2767466-cp313-cp313-manylinux_2_28_aarch64.whl", hash = "sha256:6e0262d99ec0e3af9ada4c977914d95775dad36be811aa6eebec6083e75ff7b6"},
    {file = "p4python-2025.1.2767466-cp313-cp313-manylinux_2_28_x86_64.whl", hash = "sha256:6a682521bc25f33f8aab6a33f49d9f81be4a2192dd1a36aeb8eeeadd396eb0cf"},
    {file = "p4python-2025.1.2767466-cp313-cp313-win32.whl", hash = "sha256:d00df6a58587f8ad9e12b7be43ab442cfe448416aee61f16e0b3c856081b9493"},
    {file = "p4python-2025.1.2767466-cp313-cp313-win_amd64.whl", hash = "sha256:5d3e1f4628f30d6a7851e4c874d6b393637cf67f9c5a71c742ad474010d6f91b"},
    {file = "p4python-2025.1.2767466-cp39-cp39-macosx_10_15_x86_64.whl", hash = "sha256:7f3f18145afc3634fc33b7fc6470e66ca6fc5def193d102e20a6437515d78e56"},
    {file = "p4python-2025.1.2767466-cp39-cp39-macosx_11_0_arm64.whl", hash = "sha256:1c2dc69856fb341e59eeb7aef4c52723b8393269b4c56d84190f3faeca0de5de"},
    {file = "p4python-2025.1.2767466-cp39-cp39-manylinux_2_28_aarch64.whl", hash = "sha256:5b63816eb21ab6844f2ef162aafbfa75b31031335002a7f0e66b2162d695dc61"},
    {file = "p4python-2025.1.2767466-cp39-cp39-manylinux_2_28_x86_64.whl", hash = "sha256:3c2b94f0649e91ebb614d63d7de82658ccf38190e8d1620f44382bff2564dcc1"},
    {file = "p4python-2025.1.2767466-cp39-cp39-win32.whl", hash = "sha256:d63da4a828c83f923e3221cdb6474b4f0d37dd22c3ffdf27ac5a23815ec33f44"},
    {file = "p4python-2025.1.2767466-cp39-cp39-win_amd64.whl", hash = "sha256:fd20d970f694ab5ba3685897e6e7bc772696de3c97ee41d950c91b335d40d298"},
    {file = "p4python-2025.1.2767466.tar.gz", hash = "sha256:9e8dac74306df9dfa5e600bb0593c7bbc280c6d74b910e5e722ae853002cc369"},
]

[[package]]
name = "pygments"
version = "2.19.2"
description = "Pygments is a syntax highlighting package written in Python."
optional = false
python-versions = ">=3.8"
groups = ["main"]
files = [
    {file = "pygments-2.19.2-py3-none-any.whl", hash = "sha256:86540386c03d588bb81d44bc3928634ff26449851e99741617ecb9037ee5ec0b"},
    {file = "pygments-2.19.2.tar.gz", hash = "sha256:636cb2477cec7f8952536970bc533bc43743542f70392ae026374600add5b887"},
]

[package.extras]
windows-terminal = ["colorama (>=0.4.6)"]

[[package]]
name = "rich"
version = "14.2.0"
description = "Render rich text, tables, progress bars, syntax highlighting, markdown and more to the terminal"
optional = false
python-versions = ">=3.8.0"
groups = ["main"]
files = [
    {file = "rich-14.2.0-py3-none-any.whl", hash = "sha256:76bc51fe2e57d2b1be1f96c524b890b816e334ab4c1e45888799bfaab0021edd"},
    {file = "rich-14.2.0.tar.gz", hash = "sha256:73ff50c7c0c1c77c8243079283f4edb376f0f6442433aecb8ce7e6d0b92d1fe4"},
]

[package.dependencies]
markdown-it-py = ">=2.2.0"
pygments = ">=2.13.0,<3.0.0"

[package.extras]
jupyter = ["ipywidgets (>=7.5.1,<9)"]

[[package]]
name = "shellingham"
version = "1.5.4"
description = "Tool to Detect Surrounding Shell"
optional = false
python-versions = ">=3.7"
groups = ["main"]
files = [
    {file = "shellingham-1.5.4-py2.py3-none-any.whl", hash = "sha256:7ecfff8f2fd72616f7481040475a65b2bf8af90a56c89140852d1120324e8686"},
    {file = "shellingham-1.5.4.tar.gz", hash = "sha256:8dbca0739d487e5bd35ab3ca4b36e11c4078f3a234bfce294b0a0291363404de"},
]

[[package]]
name = "typer"
version = "0.20.0"
description = "Typer, build great CLIs. Easy to code. Based on Python type hints."
optional = false
python-versions = ">=3.8"
groups = ["main"]
files = [
    {file = "typer-0.20.0-py3-none-any.whl", hash = "sha256:5b463df6793ec1dca6213a3cf4c0f03bc6e322ac5e16e13ddd622a889489784a"},
    {file = "typer-0.20.0.tar.gz", hash = "sha256:1aaf6494031793e4876fb0bacfa6a912b551cf43c1e63c800df8b1a866720c37"},
]

[package.dependencies]
click = ">=8.0.0"
rich = ">=10.11.0"
shellingham = ">=1.3.0"
typing-extensions = ">=3.7.4.3"

[[package]]
name = "typing-extensions"
version = "4.15.0"
description = "Backported and Experimental Type Hints for Python 3.9+"
optional = false
python-versions = ">=3.9"
groups = ["main"]
files = [
    {file = "typing_extensions-4.15.0-py3-none-any.whl", hash = "sha256:f0fa19c6845758ab08074a0cfa8b7aecb71c999ca73d62883bc25cc018c4e548"},
    {file = "typing_extensions-4.15.0.tar.gz", hash = "sha256:0cea48d173cc12fa28ecabc3b837ea3cf6f38c6d1136f85cbaaf598984861466"},
]

[metadata]
lock-version = "2.1"
python-versions = ">=3.13"
content-hash = "c0df386a686e0c3a2e9494ba7dc8e3ed6cb1fcad52cea709764708f1b421f1b9"
